// !$*UTF8*$!
{
	archiveVersion = 1;
	classes = {
	};
	objectVersion = 55;
	objects = {

/* Begin PBXBuildFile section */
		5AACCFAA27C7EBCE002049FC /* AppDelegate.swift in Sources */ = {isa = PBXBuildFile; fileRef = 5AACCFA927C7EBCE002049FC /* AppDelegate.swift */; };
		5AACCFAC27C7EBCE002049FC /* SceneDelegate.swift in Sources */ = {isa = PBXBuildFile; fileRef = 5AACCFAB27C7EBCE002049FC /* SceneDelegate.swift */; };
		5AACCFAE27C7EBCE002049FC /* ViewController.swift in Sources */ = {isa = PBXBuildFile; fileRef = 5AACCFAD27C7EBCE002049FC /* ViewController.swift */; };
		5AACCFB127C7EBCE002049FC /* Main.storyboard in Resources */ = {isa = PBXBuildFile; fileRef = 5AACCFAF27C7EBCE002049FC /* Main.storyboard */; };
		5AACCFB327C7EBCF002049FC /* Assets.xcassets in Resources */ = {isa = PBXBuildFile; fileRef = 5AACCFB227C7EBCF002049FC /* Assets.xcassets */; };
		5AACCFB627C7EBCF002049FC /* LaunchScreen.storyboard in Resources */ = {isa = PBXBuildFile; fileRef = 5AACCFB427C7EBCF002049FC /* LaunchScreen.storyboard */; };
		5AACCFC127C7ED2B002049FC /* Model.swift in Sources */ = {isa = PBXBuildFile; fileRef = 5AACCFC027C7ED2B002049FC /* Model.swift */; };
		5AACCFC327C7ED34002049FC /* Error.swift in Sources */ = {isa = PBXBuildFile; fileRef = 5AACCFC227C7ED34002049FC /* Error.swift */; };
		5AACCFC527C7ED3D002049FC /* Pattern.swift in Sources */ = {isa = PBXBuildFile; fileRef = 5AACCFC427C7ED3D002049FC /* Pattern.swift */; };
		5AACCFC727C7ED58002049FC /* RegexFormItem.swift in Sources */ = {isa = PBXBuildFile; fileRef = 5AACCFC627C7ED58002049FC /* RegexFormItem.swift */; };
		5AACCFC927C7ED61002049FC /* Builder.swift in Sources */ = {isa = PBXBuildFile; fileRef = 5AACCFC827C7ED61002049FC /* Builder.swift */; };
		5AACCFCC27C7F041002049FC /* FormButtonCollection.swift in Sources */ = {isa = PBXBuildFile; fileRef = 5AACCFCB27C7F041002049FC /* FormButtonCollection.swift */; };
		5AACCFCE27C7F04D002049FC /* FormTextCollection.swift in Sources */ = {isa = PBXBuildFile; fileRef = 5AACCFCD27C7F04D002049FC /* FormTextCollection.swift */; };
		5AACCFD027C7F05B002049FC /* FormDateCollection.swift in Sources */ = {isa = PBXBuildFile; fileRef = 5AACCFCF27C7F05A002049FC /* FormDateCollection.swift */; };
		5AACCFD327C7F11C002049FC /* UITableViewCell+Identifier.swift in Sources */ = {isa = PBXBuildFile; fileRef = 5AACCFD227C7F11C002049FC /* UITableViewCell+Identifier.swift */; };
		5AACCFD527C7F137002049FC /* UITableViewCell+ReuseCleanUp.swift in Sources */ = {isa = PBXBuildFile; fileRef = 5AACCFD427C7F137002049FC /* UITableViewCell+ReuseCleanUp.swift */; };
		5AACCFD727C7F147002049FC /* UITextField+Validation.swift in Sources */ = {isa = PBXBuildFile; fileRef = 5AACCFD627C7F147002049FC /* UITextField+Validation.swift */; };
		5AACCFDB27C7F31F002049FC /* FormCompositionalLayout.swift in Sources */ = {isa = PBXBuildFile; fileRef = 5AACCFDA27C7F31F002049FC /* FormCompositionalLayout.swift */; };
/* End PBXBuildFile section */

/* Begin PBXFileReference section */
		5AACCFA627C7EBCE002049FC /* FormValidationWithCombineFramework.app */ = {isa = PBXFileReference; explicitFileType = wrapper.application; includeInIndex = 0; path = FormValidationWithCombineFramework.app; sourceTree = BUILT_PRODUCTS_DIR; };
		5AACCFA927C7EBCE002049FC /* AppDelegate.swift */ = {isa = PBXFileReference; lastKnownFileType = sourcecode.swift; path = AppDelegate.swift; sourceTree = "<group>"; };
		5AACCFAB27C7EBCE002049FC /* SceneDelegate.swift */ = {isa = PBXFileReference; lastKnownFileType = sourcecode.swift; path = SceneDelegate.swift; sourceTree = "<group>"; };
		5AACCFAD27C7EBCE002049FC /* ViewController.swift */ = {isa = PBXFileReference; lastKnownFileType = sourcecode.swift; path = ViewController.swift; sourceTree = "<group>"; };
		5AACCFB027C7EBCE002049FC /* Base */ = {isa = PBXFileReference; lastKnownFileType = file.storyboard; name = Base; path = Base.lproj/Main.storyboard; sourceTree = "<group>"; };
		5AACCFB227C7EBCF002049FC /* Assets.xcassets */ = {isa = PBXFileReference; lastKnownFileType = folder.assetcatalog; path = Assets.xcassets; sourceTree = "<group>"; };
		5AACCFB527C7EBCF002049FC /* Base */ = {isa = PBXFileReference; lastKnownFileType = file.storyboard; name = Base; path = Base.lproj/LaunchScreen.storyboard; sourceTree = "<group>"; };
		5AACCFB727C7EBCF002049FC /* Info.plist */ = {isa = PBXFileReference; lastKnownFileType = text.plist.xml; path = Info.plist; sourceTree = "<group>"; };
		5AACCFC027C7ED2B002049FC /* Model.swift */ = {isa = PBXFileReference; lastKnownFileType = sourcecode.swift; path = Model.swift; sourceTree = "<group>"; };
		5AACCFC227C7ED34002049FC /* Error.swift */ = {isa = PBXFileReference; lastKnownFileType = sourcecode.swift; path = Error.swift; sourceTree = "<group>"; };
		5AACCFC427C7ED3D002049FC /* Pattern.swift */ = {isa = PBXFileReference; lastKnownFileType = sourcecode.swift; path = Pattern.swift; sourceTree = "<group>"; };
		5AACCFC627C7ED58002049FC /* RegexFormItem.swift */ = {isa = PBXFileReference; lastKnownFileType = sourcecode.swift; path = RegexFormItem.swift; sourceTree = "<group>"; };
		5AACCFC827C7ED61002049FC /* Builder.swift */ = {isa = PBXFileReference; lastKnownFileType = sourcecode.swift; path = Builder.swift; sourceTree = "<group>"; };
		5AACCFCB27C7F041002049FC /* FormButtonCollection.swift */ = {isa = PBXFileReference; lastKnownFileType = sourcecode.swift; path = FormButtonCollection.swift; sourceTree = "<group>"; };
		5AACCFCD27C7F04D002049FC /* FormTextCollection.swift */ = {isa = PBXFileReference; lastKnownFileType = sourcecode.swift; path = FormTextCollection.swift; sourceTree = "<group>"; };
		5AACCFCF27C7F05A002049FC /* FormDateCollection.swift */ = {isa = PBXFileReference; lastKnownFileType = sourcecode.swift; path = FormDateCollection.swift; sourceTree = "<group>"; };
		5AACCFD227C7F11C002049FC /* UITableViewCell+Identifier.swift */ = {isa = PBXFileReference; lastKnownFileType = sourcecode.swift; path = "UITableViewCell+Identifier.swift"; sourceTree = "<group>"; };
		5AACCFD427C7F137002049FC /* UITableViewCell+ReuseCleanUp.swift */ = {isa = PBXFileReference; lastKnownFileType = sourcecode.swift; path = "UITableViewCell+ReuseCleanUp.swift"; sourceTree = "<group>"; };
		5AACCFD627C7F147002049FC /* UITextField+Validation.swift */ = {isa = PBXFileReference; lastKnownFileType = sourcecode.swift; path = "UITextField+Validation.swift"; sourceTree = "<group>"; };
		5AACCFDA27C7F31F002049FC /* FormCompositionalLayout.swift */ = {isa = PBXFileReference; lastKnownFileType = sourcecode.swift; path = FormCompositionalLayout.swift; sourceTree = "<group>"; };
/* End PBXFileReference section */

/* Begin PBXFrameworksBuildPhase section */
		5AACCFA327C7EBCE002049FC /* Frameworks */ = {
			isa = PBXFrameworksBuildPhase;
			buildActionMask = 2147483647;
			files = (
			);
			runOnlyForDeploymentPostprocessing = 0;
		};
/* End PBXFrameworksBuildPhase section */

/* Begin PBXGroup section */
		5AACCF9D27C7EBCE002049FC = {
			isa = PBXGroup;
			children = (
				5AACCFA827C7EBCE002049FC /* FormValidationWithCombineFramework */,
				5AACCFA727C7EBCE002049FC /* Products */,
			);
			sourceTree = "<group>";
		};
		5AACCFA727C7EBCE002049FC /* Products */ = {
			isa = PBXGroup;
			children = (
				5AACCFA627C7EBCE002049FC /* FormValidationWithCombineFramework.app */,
			);
			name = Products;
			sourceTree = "<group>";
		};
		5AACCFA827C7EBCE002049FC /* FormValidationWithCombineFramework */ = {
			isa = PBXGroup;
			children = (
				5AACCFD927C7F30B002049FC /* Layouts */,
				5AACCFD127C7F100002049FC /* Extensions */,
				5AACCFCA27C7F024002049FC /* Views */,
				5AACCFBF27C7ED1D002049FC /* Core */,
				5AACCFA927C7EBCE002049FC /* AppDelegate.swift */,
				5AACCFAB27C7EBCE002049FC /* SceneDelegate.swift */,
				5AACCFAD27C7EBCE002049FC /* ViewController.swift */,
				5AACCFAF27C7EBCE002049FC /* Main.storyboard */,
				5AACCFB227C7EBCF002049FC /* Assets.xcassets */,
				5AACCFB427C7EBCF002049FC /* LaunchScreen.storyboard */,
				5AACCFB727C7EBCF002049FC /* Info.plist */,
			);
			path = FormValidationWithCombineFramework;
			sourceTree = "<group>";
		};
		5AACCFBF27C7ED1D002049FC /* Core */ = {
			isa = PBXGroup;
			children = (
				5AACCFC027C7ED2B002049FC /* Model.swift */,
				5AACCFC227C7ED34002049FC /* Error.swift */,
				5AACCFC427C7ED3D002049FC /* Pattern.swift */,
				5AACCFC627C7ED58002049FC /* RegexFormItem.swift */,
				5AACCFC827C7ED61002049FC /* Builder.swift */,
			);
			path = Core;
			sourceTree = "<group>";
		};
		5AACCFCA27C7F024002049FC /* Views */ = {
			isa = PBXGroup;
			children = (
				5AACCFCB27C7F041002049FC /* FormButtonCollection.swift */,
				5AACCFCD27C7F04D002049FC /* FormTextCollection.swift */,
				5AACCFCF27C7F05A002049FC /* FormDateCollection.swift */,
			);
			path = Views;
			sourceTree = "<group>";
		};
		5AACCFD127C7F100002049FC /* Extensions */ = {
			isa = PBXGroup;
			children = (
				5AACCFD227C7F11C002049FC /* UITableViewCell+Identifier.swift */,
				5AACCFD427C7F137002049FC /* UITableViewCell+ReuseCleanUp.swift */,
				5AACCFD627C7F147002049FC /* UITextField+Validation.swift */,
			);
			path = Extensions;
			sourceTree = "<group>";
		};
		5AACCFD927C7F30B002049FC /* Layouts */ = {
			isa = PBXGroup;
			children = (
				5AACCFDA27C7F31F002049FC /* FormCompositionalLayout.swift */,
			);
			path = Layouts;
			sourceTree = "<group>";
		};
/* End PBXGroup section */

/* Begin PBXNativeTarget section */
		5AACCFA527C7EBCE002049FC /* FormValidationWithCombineFramework */ = {
			isa = PBXNativeTarget;
			buildConfigurationList = 5AACCFBA27C7EBCF002049FC /* Build configuration list for PBXNativeTarget "FormValidationWithCombineFramework" */;
			buildPhases = (
				5AACCFA227C7EBCE002049FC /* Sources */,
				5AACCFA327C7EBCE002049FC /* Frameworks */,
				5AACCFA427C7EBCE002049FC /* Resources */,
			);
			buildRules = (
			);
			dependencies = (
			);
			name = FormValidationWithCombineFramework;
			productName = FormValidationWithCombineFramework;
			productReference = 5AACCFA627C7EBCE002049FC /* FormValidationWithCombineFramework.app */;
			productType = "com.apple.product-type.application";
		};
/* End PBXNativeTarget section */

/* Begin PBXProject section */
		5AACCF9E27C7EBCE002049FC /* Project object */ = {
			isa = PBXProject;
			attributes = {
				BuildIndependentTargetsInParallel = 1;
				LastSwiftUpdateCheck = 1320;
				LastUpgradeCheck = 1320;
				TargetAttributes = {
					5AACCFA527C7EBCE002049FC = {
						CreatedOnToolsVersion = 13.2.1;
					};
				};
			};
			buildConfigurationList = 5AACCFA127C7EBCE002049FC /* Build configuration list for PBXProject "FormValidationWithCombineFramework" */;
			compatibilityVersion = "Xcode 13.0";
			developmentRegion = en;
			hasScannedForEncodings = 0;
			knownRegions = (
				en,
				Base,
			);
			mainGroup = 5AACCF9D27C7EBCE002049FC;
			productRefGroup = 5AACCFA727C7EBCE002049FC /* Products */;
			projectDirPath = "";
			projectRoot = "";
			targets = (
				5AACCFA527C7EBCE002049FC /* FormValidationWithCombineFramework */,
			);
		};
/* End PBXProject section */

/* Begin PBXResourcesBuildPhase section */
		5AACCFA427C7EBCE002049FC /* Resources */ = {
			isa = PBXResourcesBuildPhase;
			buildActionMask = 2147483647;
			files = (
				5AACCFB627C7EBCF002049FC /* LaunchScreen.storyboard in Resources */,
				5AACCFB327C7EBCF002049FC /* Assets.xcassets in Resources */,
				5AACCFB127C7EBCE002049FC /* Main.storyboard in Resources */,
			);
			runOnlyForDeploymentPostprocessing = 0;
		};
/* End PBXResourcesBuildPhase section */

/* Begin PBXSourcesBuildPhase section */
		5AACCFA227C7EBCE002049FC /* Sources */ = {
			isa = PBXSourcesBuildPhase;
			buildActionMask = 2147483647;
			files = (
				5AACCFC727C7ED58002049FC /* RegexFormItem.swift in Sources */,
				5AACCFC527C7ED3D002049FC /* Pattern.swift in Sources */,
				5AACCFAE27C7EBCE002049FC /* ViewController.swift in Sources */,
				5AACCFDB27C7F31F002049FC /* FormCompositionalLayout.swift in Sources */,
				5AACCFAA27C7EBCE002049FC /* AppDelegate.swift in Sources */,
				5AACCFD527C7F137002049FC /* UITableViewCell+ReuseCleanUp.swift in Sources */,
				5AACCFCE27C7F04D002049FC /* FormTextCollection.swift in Sources */,
				5AACCFD027C7F05B002049FC /* FormDateCollection.swift in Sources */,
				5AACCFCC27C7F041002049FC /* FormButtonCollection.swift in Sources */,
				5AACCFAC27C7EBCE002049FC /* SceneDelegate.swift in Sources */,
				5AACCFD327C7F11C002049FC /* UITableViewCell+Identifier.swift in Sources */,
				5AACCFD727C7F147002049FC /* UITextField+Validation.swift in Sources */,
				5AACCFC327C7ED34002049FC /* Error.swift in Sources */,
				5AACCFC127C7ED2B002049FC /* Model.swift in Sources */,
				5AACCFC927C7ED61002049FC /* Builder.swift in Sources */,
			);
			runOnlyForDeploymentPostprocessing = 0;
		};
/* End PBXSourcesBuildPhase section */

/* Begin PBXVariantGroup section */
		5AACCFAF27C7EBCE002049FC /* Main.storyboard */ = {
			isa = PBXVariantGroup;
			children = (
				5AACCFB027C7EBCE002049FC /* Base */,
			);
			name = Main.storyboard;
			sourceTree = "<group>";
		};
		5AACCFB427C7EBCF002049FC /* LaunchScreen.storyboard */ = {
			isa = PBXVariantGroup;
			children = (
				5AACCFB527C7EBCF002049FC /* Base */,
			);
			name = LaunchScreen.storyboard;
			sourceTree = "<group>";
		};
/* End PBXVariantGroup section */

/* Begin XCBuildConfiguration section */
		5AACCFB827C7EBCF002049FC /* Debug */ = {
			isa = XCBuildConfiguration;
			buildSettings = {
				ALWAYS_SEARCH_USER_PATHS = NO;
				CLANG_ANALYZER_NONNULL = YES;
				CLANG_ANALYZER_NUMBER_OBJECT_CONVERSION = YES_AGGRESSIVE;
				CLANG_CXX_LANGUAGE_STANDARD = "gnu++17";
				CLANG_CXX_LIBRARY = "libc++";
				CLANG_ENABLE_MODULES = YES;
				CLANG_ENABLE_OBJC_ARC = YES;
				CLANG_ENABLE_OBJC_WEAK = YES;
				CLANG_WARN_BLOCK_CAPTURE_AUTORELEASING = YES;
				CLANG_WARN_BOOL_CONVERSION = YES;
				CLANG_WARN_COMMA = YES;
				CLANG_WARN_CONSTANT_CONVERSION = YES;
				CLANG_WARN_DEPRECATED_OBJC_IMPLEMENTATIONS = YES;
				CLANG_WARN_DIRECT_OBJC_ISA_USAGE = YES_ERROR;
				CLANG_WARN_DOCUMENTATION_COMMENTS = YES;
				CLANG_WARN_EMPTY_BODY = YES;
				CLANG_WARN_ENUM_CONVERSION = YES;
				CLANG_WARN_INFINITE_RECURSION = YES;
				CLANG_WARN_INT_CONVERSION = YES;
				CLANG_WARN_NON_LITERAL_NULL_CONVERSION = YES;
				CLANG_WARN_OBJC_IMPLICIT_RETAIN_SELF = YES;
				CLANG_WARN_OBJC_LITERAL_CONVERSION = YES;
				CLANG_WARN_OBJC_ROOT_CLASS = YES_ERROR;
				CLANG_WARN_QUOTED_INCLUDE_IN_FRAMEWORK_HEADER = YES;
				CLANG_WARN_RANGE_LOOP_ANALYSIS = YES;
				CLANG_WARN_STRICT_PROTOTYPES = YES;
				CLANG_WARN_SUSPICIOUS_MOVE = YES;
				CLANG_WARN_UNGUARDED_AVAILABILITY = YES_AGGRESSIVE;
				CLANG_WARN_UNREACHABLE_CODE = YES;
				CLANG_WARN__DUPLICATE_METHOD_MATCH = YES;
				COPY_PHASE_STRIP = NO;
				DEBUG_INFORMATION_FORMAT = dwarf;
				ENABLE_STRICT_OBJC_MSGSEND = YES;
				ENABLE_TESTABILITY = YES;
				GCC_C_LANGUAGE_STANDARD = gnu11;
				GCC_DYNAMIC_NO_PIC = NO;
				GCC_NO_COMMON_BLOCKS = YES;
				GCC_OPTIMIZATION_LEVEL = 0;
				GCC_PREPROCESSOR_DEFINITIONS = (
					"DEBUG=1",
					"$(inherited)",
				);
				GCC_WARN_64_TO_32_BIT_CONVERSION = YES;
				GCC_WARN_ABOUT_RETURN_TYPE = YES_ERROR;
				GCC_WARN_UNDECLARED_SELECTOR = YES;
				GCC_WARN_UNINITIALIZED_AUTOS = YES_AGGRESSIVE;
				GCC_WARN_UNUSED_FUNCTION = YES;
				GCC_WARN_UNUSED_VARIABLE = YES;
				IPHONEOS_DEPLOYMENT_TARGET = 15.2;
				MTL_ENABLE_DEBUG_INFO = INCLUDE_SOURCE;
				MTL_FAST_MATH = YES;
				ONLY_ACTIVE_ARCH = YES;
				SDKROOT = iphoneos;
				SWIFT_ACTIVE_COMPILATION_CONDITIONS = DEBUG;
				SWIFT_OPTIMIZATION_LEVEL = "-Onone";
			};
			name = Debug;
		};
		5AACCFB927C7EBCF002049FC /* Release */ = {
			isa = XCBuildConfiguration;
			buildSettings = {
				ALWAYS_SEARCH_USER_PATHS = NO;
				CLANG_ANALYZER_NONNULL = YES;
				CLANG_ANALYZER_NUMBER_OBJECT_CONVERSION = YES_AGGRESSIVE;
				CLANG_CXX_LANGUAGE_STANDARD = "gnu++17";
				CLANG_CXX_LIBRARY = "libc++";
				CLANG_ENABLE_MODULES = YES;
				CLANG_ENABLE_OBJC_ARC = YES;
				CLANG_ENABLE_OBJC_WEAK = YES;
				CLANG_WARN_BLOCK_CAPTURE_AUTORELEASING = YES;
				CLANG_WARN_BOOL_CONVERSION = YES;
				CLANG_WARN_COMMA = YES;
				CLANG_WARN_CONSTANT_CONVERSION = YES;
				CLANG_WARN_DEPRECATED_OBJC_IMPLEMENTATIONS = YES;
				CLANG_WARN_DIRECT_OBJC_ISA_USAGE = YES_ERROR;
				CLANG_WARN_DOCUMENTATION_COMMENTS = YES;
				CLANG_WARN_EMPTY_BODY = YES;
				CLANG_WARN_ENUM_CONVERSION = YES;
				CLANG_WARN_INFINITE_RECURSION = YES;
				CLANG_WARN_INT_CONVERSION = YES;
				CLANG_WARN_NON_LITERAL_NULL_CONVERSION = YES;
				CLANG_WARN_OBJC_IMPLICIT_RETAIN_SELF = YES;
				CLANG_WARN_OBJC_LITERAL_CONVERSION = YES;
				CLANG_WARN_OBJC_ROOT_CLASS = YES_ERROR;
				CLANG_WARN_QUOTED_INCLUDE_IN_FRAMEWORK_HEADER = YES;
				CLANG_WARN_RANGE_LOOP_ANALYSIS = YES;
				CLANG_WARN_STRICT_PROTOTYPES = YES;
				CLANG_WARN_SUSPICIOUS_MOVE = YES;
				CLANG_WARN_UNGUARDED_AVAILABILITY = YES_AGGRESSIVE;
				CLANG_WARN_UNREACHABLE_CODE = YES;
				CLANG_WARN__DUPLICATE_METHOD_MATCH = YES;
				COPY_PHASE_STRIP = NO;
				DEBUG_INFORMATION_FORMAT = "dwarf-with-dsym";
				ENABLE_NS_ASSERTIONS = NO;
				ENABLE_STRICT_OBJC_MSGSEND = YES;
				GCC_C_LANGUAGE_STANDARD = gnu11;
				GCC_NO_COMMON_BLOCKS = YES;
				GCC_WARN_64_TO_32_BIT_CONVERSION = YES;
				GCC_WARN_ABOUT_RETURN_TYPE = YES_ERROR;
				GCC_WARN_UNDECLARED_SELECTOR = YES;
				GCC_WARN_UNINITIALIZED_AUTOS = YES_AGGRESSIVE;
				GCC_WARN_UNUSED_FUNCTION = YES;
				GCC_WARN_UNUSED_VARIABLE = YES;
				IPHONEOS_DEPLOYMENT_TARGET = 15.2;
				MTL_ENABLE_DEBUG_INFO = NO;
				MTL_FAST_MATH = YES;
				SDKROOT = iphoneos;
				SWIFT_COMPILATION_MODE = wholemodule;
				SWIFT_OPTIMIZATION_LEVEL = "-O";
				VALIDATE_PRODUCT = YES;
			};
			name = Release;
		};
		5AACCFBB27C7EBCF002049FC /* Debug */ = {
			isa = XCBuildConfiguration;
			buildSettings = {
				ASSETCATALOG_COMPILER_APPICON_NAME = AppIcon;
				ASSETCATALOG_COMPILER_GLOBAL_ACCENT_COLOR_NAME = AccentColor;
				CODE_SIGN_STYLE = Automatic;
				CURRENT_PROJECT_VERSION = 1;
				GENERATE_INFOPLIST_FILE = YES;
				INFOPLIST_FILE = FormValidationWithCombineFramework/Info.plist;
				INFOPLIST_KEY_UIApplicationSupportsIndirectInputEvents = YES;
				INFOPLIST_KEY_UILaunchStoryboardName = LaunchScreen;
				INFOPLIST_KEY_UIMainStoryboardFile = Main;
				INFOPLIST_KEY_UISupportedInterfaceOrientations_iPad = "UIInterfaceOrientationPortrait UIInterfaceOrientationPortraitUpsideDown UIInterfaceOrientationLandscapeLeft UIInterfaceOrientationLandscapeRight";
				INFOPLIST_KEY_UISupportedInterfaceOrientations_iPhone = "UIInterfaceOrientationPortrait UIInterfaceOrientationLandscapeLeft UIInterfaceOrientationLandscapeRight";
				LD_RUNPATH_SEARCH_PATHS = (
					"$(inherited)",
					"@executable_path/Frameworks",
				);
				MARKETING_VERSION = 1.0;
				PRODUCT_BUNDLE_IDENTIFIER = com.alicanyilmaz.FormValidationWithCombineFramework;
				PRODUCT_NAME = "$(TARGET_NAME)";
				SWIFT_EMIT_LOC_STRINGS = YES;
				SWIFT_VERSION = 5.0;
				TARGETED_DEVICE_FAMILY = "1,2";
			};
			name = Debug;
		};
		5AACCFBC27C7EBCF002049FC /* Release */ = {
			isa = XCBuildConfiguration;
			buildSettings = {
				ASSETCATALOG_COMPILER_APPICON_NAME = AppIcon;
				ASSETCATALOG_COMPILER_GLOBAL_ACCENT_COLOR_NAME = AccentColor;
				CODE_SIGN_STYLE = Automatic;
				CURRENT_PROJECT_VERSION = 1;
				GENERATE_INFOPLIST_FILE = YES;
				INFOPLIST_FILE = FormValidationWithCombineFramework/Info.plist;
				INFOPLIST_KEY_UIApplicationSupportsIndirectInputEvents = YES;
				INFOPLIST_KEY_UILaunchStoryboardName = LaunchScreen;
				INFOPLIST_KEY_UIMainStoryboardFile = Main;
				INFOPLIST_KEY_UISupportedInterfaceOrientations_iPad = "UIInterfaceOrientationPortrait UIInterfaceOrientationPortraitUpsideDown UIInterfaceOrientationLandscapeLeft UIInterfaceOrientationLandscapeRight";
				INFOPLIST_KEY_UISupportedInterfaceOrientations_iPhone = "UIInterfaceOrientationPortrait UIInterfaceOrientationLandscapeLeft UIInterfaceOrientationLandscapeRight";
				LD_RUNPATH_SEARCH_PATHS = (
					"$(inherited)",
					"@executable_path/Frameworks",
				);
				MARKETING_VERSION = 1.0;
				PRODUCT_BUNDLE_IDENTIFIER = com.alicanyilmaz.FormValidationWithCombineFramework;
				PRODUCT_NAME = "$(TARGET_NAME)";
				SWIFT_EMIT_LOC_STRINGS = YES;
				SWIFT_VERSION = 5.0;
				TARGETED_DEVICE_FAMILY = "1,2";
			};
			name = Release;
		};
/* End XCBuildConfiguration section */

/* Begin XCConfigurationList section */
		5AACCFA127C7EBCE002049FC /* Build configuration list for PBXProject "FormValidationWithCombineFramework" */ = {
			isa = XCConfigurationList;
			buildConfigurations = (
				5AACCFB827C7EBCF002049FC /* Debug */,
				5AACCFB927C7EBCF002049FC /* Release */,
			);
			defaultConfigurationIsVisible = 0;
			defaultConfigurationName = Release;
		};
		5AACCFBA27C7EBCF002049FC /* Build configuration list for PBXNativeTarget "FormValidationWithCombineFramework" */ = {
			isa = XCConfigurationList;
			buildConfigurations = (
				5AACCFBB27C7EBCF002049FC /* Debug */,
				5AACCFBC27C7EBCF002049FC /* Release */,
			);
			defaultConfigurationIsVisible = 0;
			defaultConfigurationName = Release;
		};
/* End XCConfigurationList section */
	};
	rootObject = 5AACCF9E27C7EBCE002049FC /* Project object */;
}
